
Microsoft Visual Studio Solution File, Format Version 12.00
Project("{2150E333-8FDC-42A3-9474-1A3956D46DE8}") = "Services", "Services", "{901F8FE1-CB20-4B4D-9E0E-A4F160D32C22}"
EndProject
Project("{2150E333-8FDC-42A3-9474-1A3956D46DE8}") = "Catalog", "Catalog", "{74F57141-3F96-4120-AAE1-88DC47DEE066}"
EndProject
Project("{FAE04EC0-301F-11D3-BF4B-00C04F79EFBC}") = "Catalog.API", "Services\Catalog\Catalog.API\Catalog.API.csproj", "{4C99416B-6B52-4914-9239-34FCB89B73BB}"
EndProject
Project("{2150E333-8FDC-42A3-9474-1A3956D46DE8}") = "Solution Items", "Solution Items", "{95184CC6-25C3-43EC-B6B3-98E88076099D}"
	ProjectSection(SolutionItems) = preProject
		docker-compose.yml = docker-compose.yml
		docker-compose.override.yml = docker-compose.override.yml
	EndProjectSection
EndProject
Project("{2150E333-8FDC-42A3-9474-1A3956D46DE8}") = "Basket", "Basket", "{15434E77-71FD-499B-8A62-08F3326174E8}"
EndProject
Project("{FAE04EC0-301F-11D3-BF4B-00C04F79EFBC}") = "Basket.API", "Services\Basket\Basket.API\Basket.API.csproj", "{21F22C1A-DAF3-4D5E-972A-18679F206C3E}"
EndProject
Project("{2150E333-8FDC-42A3-9474-1A3956D46DE8}") = "Discount", "Discount", "{EB8CD83E-593F-4B6B-9239-1E9B064FF369}"
EndProject
Project("{FAE04EC0-301F-11D3-BF4B-00C04F79EFBC}") = "Discount.API", "Services\Discount\Discount.API\Discount.API.csproj", "{B65ACD13-4EAD-4C53-B83A-3FF547983380}"
EndProject
Global
	GlobalSection(SolutionConfigurationPlatforms) = preSolution
		Debug|Any CPU = Debug|Any CPU
		Release|Any CPU = Release|Any CPU
	EndGlobalSection
	GlobalSection(NestedProjects) = preSolution
		{74F57141-3F96-4120-AAE1-88DC47DEE066} = {901F8FE1-CB20-4B4D-9E0E-A4F160D32C22}
		{4C99416B-6B52-4914-9239-34FCB89B73BB} = {74F57141-3F96-4120-AAE1-88DC47DEE066}
		{15434E77-71FD-499B-8A62-08F3326174E8} = {901F8FE1-CB20-4B4D-9E0E-A4F160D32C22}
		{21F22C1A-DAF3-4D5E-972A-18679F206C3E} = {15434E77-71FD-499B-8A62-08F3326174E8}
		{EB8CD83E-593F-4B6B-9239-1E9B064FF369} = {901F8FE1-CB20-4B4D-9E0E-A4F160D32C22}
		{B65ACD13-4EAD-4C53-B83A-3FF547983380} = {EB8CD83E-593F-4B6B-9239-1E9B064FF369}
	EndGlobalSection
	GlobalSection(ProjectConfigurationPlatforms) = postSolution
		{4C99416B-6B52-4914-9239-34FCB89B73BB}.Debug|Any CPU.ActiveCfg = Debug|Any CPU
		{4C99416B-6B52-4914-9239-34FCB89B73BB}.Debug|Any CPU.Build.0 = Debug|Any CPU
		{4C99416B-6B52-4914-9239-34FCB89B73BB}.Release|Any CPU.ActiveCfg = Release|Any CPU
		{4C99416B-6B52-4914-9239-34FCB89B73BB}.Release|Any CPU.Build.0 = Release|Any CPU
		{21F22C1A-DAF3-4D5E-972A-18679F206C3E}.Debug|Any CPU.ActiveCfg = Debug|Any CPU
		{21F22C1A-DAF3-4D5E-972A-18679F206C3E}.Debug|Any CPU.Build.0 = Debug|Any CPU
		{21F22C1A-DAF3-4D5E-972A-18679F206C3E}.Release|Any CPU.ActiveCfg = Release|Any CPU
		{21F22C1A-DAF3-4D5E-972A-18679F206C3E}.Release|Any CPU.Build.0 = Release|Any CPU
		{B65ACD13-4EAD-4C53-B83A-3FF547983380}.Debug|Any CPU.ActiveCfg = Debug|Any CPU
		{B65ACD13-4EAD-4C53-B83A-3FF547983380}.Debug|Any CPU.Build.0 = Debug|Any CPU
		{B65ACD13-4EAD-4C53-B83A-3FF547983380}.Release|Any CPU.ActiveCfg = Release|Any CPU
		{B65ACD13-4EAD-4C53-B83A-3FF547983380}.Release|Any CPU.Build.0 = Release|Any CPU
	EndGlobalSection
EndGlobal
